{
    "_readme": [
        "This file locks the dependencies of your project to a known state",
        "Read more about it at https://getcomposer.org/doc/01-basic-usage.md#installing-dependencies",
        "This file is @generated automatically"
    ],
    "content-hash": "908ede79eebad1ed65c693bc30fd4c9f",
    "packages": [
        {
            "name": "amphp/amp",
            "version": "v2.4.3",
            "source": {
                "type": "git",
                "url": "https://github.com/amphp/amp.git",
                "reference": "23ac95fc6d6973231763f5ed7d1309b39429b974"
            },
            "dist": {
                "type": "zip",
                "url": "https://api.github.com/repos/amphp/amp/zipball/23ac95fc6d6973231763f5ed7d1309b39429b974",
                "reference": "23ac95fc6d6973231763f5ed7d1309b39429b974",
                "shasum": "",
                "mirrors": [
                    {
                        "url": "https://mirrors.cloud.tencent.com/composer/dists/%package%/%reference%.%type%",
                        "preferred": true
                    }
                ]
            },
            "require": {
                "php": ">=7"
            },
            "require-dev": {
                "amphp/php-cs-fixer-config": "dev-master",
                "amphp/phpunit-util": "^1",
                "ext-json": "*",
                "jetbrains/phpstorm-stubs": "^2019.3",
                "phpunit/phpunit": "^6.0.9 | ^7",
                "react/promise": "^2",
                "vimeo/psalm": "^3.11@dev"
            },
            "type": "library",
            "extra": {
                "branch-alias": {
                    "dev-master": "2.x-dev"
                }
            },
            "autoload": {
                "psr-4": {
                    "Amp\\": "lib"
                },
                "files": [
                    "lib/functions.php",
                    "lib/Internal/functions.php"
                ]
            },
            "notification-url": "https://packagist.org/downloads/",
            "license": [
                "MIT"
            ],
            "authors": [
                {
                    "name": "Daniel Lowrey",
                    "email": "rdlowrey@php.net"
                },
                {
                    "name": "Aaron Piotrowski",
                    "email": "aaron@trowski.com"
                },
                {
                    "name": "Bob Weinand",
                    "email": "bobwei9@hotmail.com"
                },
                {
                    "name": "Niklas Keller",
                    "email": "me@kelunik.com"
                }
            ],
            "description": "A non-blocking concurrency framework for PHP applications.",
            "homepage": "http://amphp.org/amp",
            "keywords": [
                "async",
                "asynchronous",
                "awaitable",
                "concurrency",
                "event",
                "event-loop",
                "future",
                "non-blocking",
                "promise"
            ],
            "time": "2020-04-19T15:54:21+00:00"
        },
        {
            "name": "kozlice/monolog-kafka",
            "version": "v1.0.1",
            "source": {
                "type": "git",
                "url": "https://github.com/kozlice/monolog-kafka.git",
                "reference": "895ea1fd783b76236864dfa508b18bd185a7b056"
            },
            "dist": {
                "type": "zip",
                "url": "https://api.github.com/repos/kozlice/monolog-kafka/zipball/895ea1fd783b76236864dfa508b18bd185a7b056",
                "reference": "895ea1fd783b76236864dfa508b18bd185a7b056",
                "shasum": "",
                "mirrors": [
                    {
                        "url": "https://mirrors.cloud.tencent.com/composer/dists/%package%/%reference%.%type%",
                        "preferred": true
                    }
                ]
            },
            "require": {
                "ext-rdkafka": ">=1.0",
                "monolog/monolog": "^1.20.0",
                "php": ">=5.3.0"
            },
            "require-dev": {
                "phpunit/phpunit": "^5.5"
            },
            "type": "library",
            "autoload": {
                "psr-4": {
                    "Kozlice\\Monolog\\": "src/Monolog"
                }
            },
            "notification-url": "https://packagist.org/downloads/",
            "license": [
                "MIT"
            ],
            "authors": [
                {
                    "name": "Valentin Nazarov",
                    "email": "i.kozlice@protonmail.com"
                }
            ],
            "description": "Apache Kafka handler for Monolog",
            "homepage": "http://github.com/kozlice/monolog-kafka",
            "keywords": [
                "apache kafka",
                "kafka",
                "log",
                "logging",
                "psr-3"
            ],
            "time": "2019-02-07T10:17:11+00:00"
        },
        {
            "name": "monolog/monolog",
            "version": "1.25.3",
            "source": {
                "type": "git",
                "url": "https://github.com/Seldaek/monolog.git",
                "reference": "fa82921994db851a8becaf3787a9e73c5976b6f1"
            },
            "dist": {
                "type": "zip",
                "url": "https://api.github.com/repos/Seldaek/monolog/zipball/fa82921994db851a8becaf3787a9e73c5976b6f1",
                "reference": "fa82921994db851a8becaf3787a9e73c5976b6f1",
                "shasum": "",
                "mirrors": [
                    {
                        "url": "https://mirrors.cloud.tencent.com/composer/dists/%package%/%reference%.%type%",
                        "preferred": true
                    }
                ]
            },
            "require": {
                "php": ">=5.3.0",
                "psr/log": "~1.0"
            },
            "provide": {
                "psr/log-implementation": "1.0.0"
            },
            "require-dev": {
                "aws/aws-sdk-php": "^2.4.9 || ^3.0",
                "doctrine/couchdb": "~1.0@dev",
                "graylog2/gelf-php": "~1.0",
                "jakub-onderka/php-parallel-lint": "0.9",
                "php-amqplib/php-amqplib": "~2.4",
                "php-console/php-console": "^3.1.3",
                "phpunit/phpunit": "~4.5",
                "phpunit/phpunit-mock-objects": "2.3.0",
                "ruflin/elastica": ">=0.90 <3.0",
                "sentry/sentry": "^0.13",
                "swiftmailer/swiftmailer": "^5.3|^6.0"
            },
            "suggest": {
                "aws/aws-sdk-php": "Allow sending log messages to AWS services like DynamoDB",
                "doctrine/couchdb": "Allow sending log messages to a CouchDB server",
                "ext-amqp": "Allow sending log messages to an AMQP server (1.0+ required)",
                "ext-mongo": "Allow sending log messages to a MongoDB server",
                "graylog2/gelf-php": "Allow sending log messages to a GrayLog2 server",
                "mongodb/mongodb": "Allow sending log messages to a MongoDB server via PHP Driver",
                "php-amqplib/php-amqplib": "Allow sending log messages to an AMQP server using php-amqplib",
                "php-console/php-console": "Allow sending log messages to Google Chrome",
                "rollbar/rollbar": "Allow sending log messages to Rollbar",
                "ruflin/elastica": "Allow sending log messages to an Elastic Search server",
                "sentry/sentry": "Allow sending log messages to a Sentry server"
            },
            "type": "library",
            "extra": {
                "branch-alias": {
                    "dev-master": "2.0.x-dev"
                }
            },
            "autoload": {
                "psr-4": {
                    "Monolog\\": "src/Monolog"
                }
            },
            "notification-url": "https://packagist.org/downloads/",
            "license": [
                "MIT"
            ],
            "authors": [
                {
                    "name": "Jordi Boggiano",
                    "email": "j.boggiano@seld.be",
                    "homepage": "http://seld.be"
                }
            ],
            "description": "Sends your logs to files, sockets, inboxes, databases and various web services",
            "homepage": "http://github.com/Seldaek/monolog",
            "keywords": [
                "log",
                "logging",
                "psr-3"
            ],
            "time": "2019-12-20T14:15:16+00:00"
        },
        {
            "name": "nmred/kafka-php",
            "version": "dev-v0.3.0-dev",
            "source": {
                "type": "git",
                "url": "https://github.com/weiboad/kafka-php.git",
                "reference": "b12cfc683e2a9f8d20c008a942e2ef3391e2f5ed"
            },
            "dist": {
                "type": "zip",
                "url": "https://api.github.com/repos/weiboad/kafka-php/zipball/b12cfc683e2a9f8d20c008a942e2ef3391e2f5ed",
                "reference": "b12cfc683e2a9f8d20c008a942e2ef3391e2f5ed",
                "shasum": "",
                "mirrors": [
                    {
                        "url": "https://mirrors.cloud.tencent.com/composer/dists/%package%/%reference%.%type%",
                        "preferred": true
                    }
                ]
            },
            "require": {
                "amphp/amp": "^2.0.3",
                "php": "^7.1",
                "psr/log": "^1.0"
            },
            "require-dev": {
                "infection/infection": "^0.6",
                "kmelia/monolog-stdout-handler": "^1.2",
                "mikey179/vfsstream": "^1.6.5",
                "monolog/monolog": "^1.23",
                "phpstan/phpstan": "^0.9",
                "phpstan/phpstan-phpunit": "^0.9",
                "phpunit/phpcov": "^4.0",
                "phpunit/phpunit": "^6.5",
                "satooshi/php-coveralls": "2.0.0",
                "squizlabs/php_codesniffer": "^3.1"
            },
            "type": "library",
            "autoload": {
                "psr-4": {
                    "Kafka\\": "src/"
                }
            },
            "notification-url": "https://packagist.org/downloads/",
            "license": [
                "BSD-3-Clause"
            ],
            "description": "Kafka client for php",
            "homepage": "http://www.swanlinux.net",
            "keywords": [
                "client",
                "kafka"
            ],
            "time": "2017-12-13T08:31:49+00:00"
        },
        {
            "name": "psr/log",
            "version": "1.1.3",
            "source": {
                "type": "git",
                "url": "https://github.com/php-fig/log.git",
                "reference": "0f73288fd15629204f9d42b7055f72dacbe811fc"
            },
            "dist": {
                "type": "zip",
                "url": "https://api.github.com/repos/php-fig/log/zipball/0f73288fd15629204f9d42b7055f72dacbe811fc",
                "reference": "0f73288fd15629204f9d42b7055f72dacbe811fc",
                "shasum": "",
                "mirrors": [
                    {
                        "url": "https://mirrors.cloud.tencent.com/composer/dists/%package%/%reference%.%type%",
                        "preferred": true
                    }
                ]
            },
            "require": {
                "php": ">=5.3.0"
            },
            "type": "library",
            "extra": {
                "branch-alias": {
                    "dev-master": "1.1.x-dev"
                }
            },
            "autoload": {
                "psr-4": {
                    "Psr\\Log\\": "Psr/Log/"
                }
            },
            "notification-url": "https://packagist.org/downloads/",
            "license": [
                "MIT"
            ],
            "authors": [
                {
                    "name": "PHP-FIG",
                    "homepage": "http://www.php-fig.org/"
                }
            ],
            "description": "Common interface for logging libraries",
            "homepage": "https://github.com/php-fig/log",
            "keywords": [
                "log",
                "psr",
                "psr-3"
            ],
            "time": "2020-03-23T09:12:05+00:00"
        },
        {
            "name": "xialeistudio/io",
            "version": "1.0.0",
            "source": {
                "type": "git",
                "url": "https://github.com/xialeistudio/php-io.git",
                "reference": "f5203d70de0ea1c1fd0e4396512d8f03c23b45a9"
            },
            "dist": {
                "type": "zip",
                "url": "https://api.github.com/repos/xialeistudio/php-io/zipball/f5203d70de0ea1c1fd0e4396512d8f03c23b45a9",
                "reference": "f5203d70de0ea1c1fd0e4396512d8f03c23b45a9",
                "shasum": "",
                "mirrors": [
                    {
                        "url": "https://mirrors.cloud.tencent.com/composer/dists/%package%/%reference%.%type%",
                        "preferred": true
                    }
                ]
            },
            "require": {
                "php": ">=7.0"
            },
            "require-dev": {
                "phpunit/phpunit": "^8.5"
            },
            "type": "library",
            "autoload": {
                "psr-4": {
                    "io\\": "./src"
                }
            },
            "notification-url": "https://packagist.org/downloads/",
            "license": [
                "MIT"
            ],
            "authors": [
                {
                    "name": "xialeistudio",
                    "email": "xialeistudio@gmail.com"
                }
            ],
            "description": "user-friendly binary data operation library",
            "homepage": "https://github.com/xialeistudio/php-io",
            "time": "2020-01-17T09:04:35+00:00"
        }
    ],
    "packages-dev": [],
    "aliases": [],
    "minimum-stability": "stable",
    "stability-flags": {
        "nmred/kafka-php": 20
    },
    "prefer-stable": false,
    "prefer-lowest": false,
    "platform": {
        "ext-rdkafka": "*"
    },
    "platform-dev": []
}
